# This file is automatically @generated by Cargo.
# It is not intended for manual editing.
version = 4

[[package]]
name = "ucr-architecture-tests"
version = "0.0.1"

[[package]]
name = "ucr-core"
version = "0.0.1"
dependencies = [
 "ucr-model",
 "ucr-protocol",
]

[[package]]
name = "ucr-model"
version = "0.0.1"

[[package]]
name = "ucr-protocol"
version = "0.0.1"
dependencies = [
 "ucr-model",
]
